
Microsoft Visual Studio Solution File, Format Version 12.00
# Visual Studio Version 17
VisualStudioVersion = 17.14.36603.0 d17.14
MinimumVisualStudioVersion = 10.0.40219.1
Project("{FAE04EC0-301F-11D3-BF4B-00C04F79EFBC}") = "ContactCatalog", "ContactCatalog\ContactCatalog.csproj", "{6FC6D000-C989-41EA-B503-00B1C9FE0F8A}"
EndProject
Project("{FAE04EC0-301F-11D3-BF4B-00C04F79EFBC}") = "ContactCatalog.Tests", "ContactCatalog.Tests\ContactCatalog.Tests.csproj", "{AB9FCBF2-4A2F-7426-F3EC-883E37F9659F}"
EndProject
Global
	GlobalSection(SolutionConfigurationPlatforms) = preSolution
		Debug|Any CPU = Debug|Any CPU
		Release|Any CPU = Release|Any CPU
	EndGlobalSection
	GlobalSection(ProjectConfigurationPlatforms) = postSolution
		{6FC6D000-C989-41EA-B503-00B1C9FE0F8A}.Debug|Any CPU.ActiveCfg = Debug|Any CPU
		{6FC6D000-C989-41EA-B503-00B1C9FE0F8A}.Debug|Any CPU.Build.0 = Debug|Any CPU
		{6FC6D000-C989-41EA-B503-00B1C9FE0F8A}.Release|Any CPU.ActiveCfg = Release|Any CPU
		{6FC6D000-C989-41EA-B503-00B1C9FE0F8A}.Release|Any CPU.Build.0 = Release|Any CPU
		{AB9FCBF2-4A2F-7426-F3EC-883E37F9659F}.Debug|Any CPU.ActiveCfg = Debug|Any CPU
		{AB9FCBF2-4A2F-7426-F3EC-883E37F9659F}.Debug|Any CPU.Build.0 = Debug|Any CPU
		{AB9FCBF2-4A2F-7426-F3EC-883E37F9659F}.Release|Any CPU.ActiveCfg = Release|Any CPU
		{AB9FCBF2-4A2F-7426-F3EC-883E37F9659F}.Release|Any CPU.Build.0 = Release|Any CPU
	EndGlobalSection
	GlobalSection(SolutionProperties) = preSolution
		HideSolutionNode = FALSE
	EndGlobalSection
	GlobalSection(ExtensibilityGlobals) = postSolution
		SolutionGuid = {12A742F7-B190-475F-A1DE-32259D9FDAFF}
	EndGlobalSection
EndGlobal
